
Microsoft Visual Studio Solution File, Format Version 12.00
# Visual Studio Version 17
VisualStudioVersion = 17.8.34511.84
MinimumVisualStudioVersion = 10.0.40219.1
Project("{9A19103F-16F7-4668-BE54-9A1E7A4F7556}") = "LouiseTieDyeStore.Server", "Server\LouiseTieDyeStore.Server.csproj", "{6080A43E-61E2-400F-A371-9881493989E8}"
EndProject
Project("{9A19103F-16F7-4668-BE54-9A1E7A4F7556}") = "LouiseTieDyeStore.Client", "Client\LouiseTieDyeStore.Client.csproj", "{4D253338-9C77-4F98-BCCF-71D6E5EFFEC8}"
EndProject
Project("{9A19103F-16F7-4668-BE54-9A1E7A4F7556}") = "LouiseTieDyeStore.Shared", "Shared\LouiseTieDyeStore.Shared.csproj", "{4B41A815-8AE7-4D2F-BE53-40DAD2CD8B4A}"
EndProject
Global
	GlobalSection(SolutionConfigurationPlatforms) = preSolution
		Debug|Any CPU = Debug|Any CPU
		Release|Any CPU = Release|Any CPU
	EndGlobalSection
	GlobalSection(ProjectConfigurationPlatforms) = postSolution
		{6080A43E-61E2-400F-A371-9881493989E8}.Debug|Any CPU.ActiveCfg = Debug|Any CPU
		{6080A43E-61E2-400F-A371-9881493989E8}.Debug|Any CPU.Build.0 = Debug|Any CPU
		{6080A43E-61E2-400F-A371-9881493989E8}.Release|Any CPU.ActiveCfg = Release|Any CPU
		{6080A43E-61E2-400F-A371-9881493989E8}.Release|Any CPU.Build.0 = Release|Any CPU
		{4D253338-9C77-4F98-BCCF-71D6E5EFFEC8}.Debug|Any CPU.ActiveCfg = Debug|Any CPU
		{4D253338-9C77-4F98-BCCF-71D6E5EFFEC8}.Debug|Any CPU.Build.0 = Debug|Any CPU
		{4D253338-9C77-4F98-BCCF-71D6E5EFFEC8}.Release|Any CPU.ActiveCfg = Release|Any CPU
		{4D253338-9C77-4F98-BCCF-71D6E5EFFEC8}.Release|Any CPU.Build.0 = Release|Any CPU
		{4B41A815-8AE7-4D2F-BE53-40DAD2CD8B4A}.Debug|Any CPU.ActiveCfg = Debug|Any CPU
		{4B41A815-8AE7-4D2F-BE53-40DAD2CD8B4A}.Debug|Any CPU.Build.0 = Debug|Any CPU
		{4B41A815-8AE7-4D2F-BE53-40DAD2CD8B4A}.Release|Any CPU.ActiveCfg = Release|Any CPU
		{4B41A815-8AE7-4D2F-BE53-40DAD2CD8B4A}.Release|Any CPU.Build.0 = Release|Any CPU
	EndGlobalSection
	GlobalSection(SolutionProperties) = preSolution
		HideSolutionNode = FALSE
	EndGlobalSection
	GlobalSection(ExtensibilityGlobals) = postSolution
		SolutionGuid = {F8524FC0-9B2A-451C-8AF2-26BCE246672A}
	EndGlobalSection
EndGlobal
